
Microsoft Visual Studio Solution File, Format Version 12.00
# Visual Studio Version 17
VisualStudioVersion = 17.12.35707.178 d17.12
MinimumVisualStudioVersion = 10.0.40219.1
Project("{FAE04EC0-301F-11D3-BF4B-00C04F79EFBC}") = "Administración de Configuración de Software (ACS)", "Administración de Configuración de Software (ACS).csproj", "{ADE47F3C-8A1B-4710-AD4B-0F7247CD26CD}"
EndProject
Global
	GlobalSection(SolutionConfigurationPlatforms) = preSolution
		Debug|Any CPU = Debug|Any CPU
		Release|Any CPU = Release|Any CPU
	EndGlobalSection
	GlobalSection(ProjectConfigurationPlatforms) = postSolution
		{ADE47F3C-8A1B-4710-AD4B-0F7247CD26CD}.Debug|Any CPU.ActiveCfg = Debug|Any CPU
		{ADE47F3C-8A1B-4710-AD4B-0F7247CD26CD}.Debug|Any CPU.Build.0 = Debug|Any CPU
		{ADE47F3C-8A1B-4710-AD4B-0F7247CD26CD}.Release|Any CPU.ActiveCfg = Release|Any CPU
		{ADE47F3C-8A1B-4710-AD4B-0F7247CD26CD}.Release|Any CPU.Build.0 = Release|Any CPU
	EndGlobalSection
	GlobalSection(SolutionProperties) = preSolution
		HideSolutionNode = FALSE
	EndGlobalSection
EndGlobal
